github.com/brnuts/term-saver v0.0.0-20210107231016-2cdf79e9e2bd h1:kbQzM+UjMsmvNH2C3YaAOJIaBOGr5rr05DblFyGu6oU=
github.com/codegangsta/inject v0.0.0-20150114235600-33e0aa1cb7c0 h1:sDMmm+q/3+BukdIpxwO365v/Rbspp2Nt5XntgQRXq8Q=
github.com/codegangsta/inject v0.0.0-20150114235600-33e0aa1cb7c0/go.mod h1:4Zcjuz89kmFXt9morQgcfYZAYZ5n8WHjt81YYWIwtTM=
github.com/codeskyblue/go-sh v0.0.0-20200712050446-30169cf553fe h1:69JI97HlzP+PH5Mi1thcGlDoBr6PS2Oe+l3mNmAkbs4=
github.com/codeskyblue/go-sh v0.0.0-20200712050446-30169cf553fe/go.mod h1:VQx0hjo2oUeQkQUET7wRwradO6f+fN5jzXgB/zROxxE=
github.com/mattn/go-runewidth v0.0.9 h1:Lm995f3rfxdpd6TSmuVCHVb/QhupuXlYr8sCI/QdE+0=
github.com/mattn/go-runewidth v0.0.9/go.mod h1:H031xJmbD/WCDINGzjvQ9THkh0rPKHF+m2gUSrubnMI=
github.com/nsf/termbox-go v0.0.0-20210114135735-d04385b850e8 h1:3vzIuru1svOK2sXlg4XcrO3KkGRneIejmfQfR+ptSW8=
github.com/nsf/termbox-go v0.0.0-20210114135735-d04385b850e8/go.mod h1:T0cTdVuOwf7pHQNtfhnEbzHbcNyCEcVU4YPpouCbVxo=
golang.org/x/sys v0.0.0-20210105210732-16f7687f5001 h1:/dSxr6gT0FNI1MO5WLJo8mTmItROeOKTkDn+7OwWBos=
golang.org/x/sys v0.0.0-20210105210732-16f7687f5001/go.mod h1:h1NjWce9XRLGQEsW7wpKNCjG9DtNlClVuFLEZdDNbEs=
